// !$*UTF8*$!
{
	archiveVersion = 1;
	classes = {
	};
	objectVersion = 46;
	objects = {

/* Begin PBXBuildFile section */
		0754C8941D65E53900F3212C /* CardImages.swift in Sources */ = {isa = PBXBuildFile; fileRef = 0754C8931D65E53900F3212C /* CardImages.swift */; };
		07644D801D6086E200A567FD /* ColourModel.swift in Sources */ = {isa = PBXBuildFile; fileRef = 07644D7F1D6086E200A567FD /* ColourModel.swift */; };
		07669F321D3AC8660071E663 /* AppDelegate.swift in Sources */ = {isa = PBXBuildFile; fileRef = 07669F311D3AC8660071E663 /* AppDelegate.swift */; };
		07669F341D3AC8660071E663 /* ViewController.swift in Sources */ = {isa = PBXBuildFile; fileRef = 07669F331D3AC8660071E663 /* ViewController.swift */; };
		07669F371D3AC8660071E663 /* Main.storyboard in Resources */ = {isa = PBXBuildFile; fileRef = 07669F351D3AC8660071E663 /* Main.storyboard */; };
		07669F391D3AC8660071E663 /* Assets.xcassets in Resources */ = {isa = PBXBuildFile; fileRef = 07669F381D3AC8660071E663 /* Assets.xcassets */; };
		07669F3C1D3AC8660071E663 /* LaunchScreen.storyboard in Resources */ = {isa = PBXBuildFile; fileRef = 07669F3A1D3AC8660071E663 /* LaunchScreen.storyboard */; };
		07669F441D3AC8760071E663 /* DeckOfCards.swift in Sources */ = {isa = PBXBuildFile; fileRef = 07669F431D3AC8760071E663 /* DeckOfCards.swift */; };
/* End PBXBuildFile section */

/* Begin PBXFileReference section */
		0754C8931D65E53900F3212C /* CardImages.swift */ = {isa = PBXFileReference; fileEncoding = 4; lastKnownFileType = sourcecode.swift; path = CardImages.swift; sourceTree = "<group>"; };
		07644D7F1D6086E200A567FD /* ColourModel.swift */ = {isa = PBXFileReference; fileEncoding = 4; lastKnownFileType = sourcecode.swift; path = ColourModel.swift; sourceTree = "<group>"; };
		07669F2E1D3AC8660071E663 /* HigherOrLower.app */ = {isa = PBXFileReference; explicitFileType = wrapper.application; includeInIndex = 0; path = HigherOrLower.app; sourceTree = BUILT_PRODUCTS_DIR; };
		07669F311D3AC8660071E663 /* AppDelegate.swift */ = {isa = PBXFileReference; lastKnownFileType = sourcecode.swift; path = AppDelegate.swift; sourceTree = "<group>"; };
		07669F331D3AC8660071E663 /* ViewController.swift */ = {isa = PBXFileReference; lastKnownFileType = sourcecode.swift; path = ViewController.swift; sourceTree = "<group>"; };
		07669F361D3AC8660071E663 /* Base */ = {isa = PBXFileReference; lastKnownFileType = file.storyboard; name = Base; path = Base.lproj/Main.storyboard; sourceTree = "<group>"; };
		07669F381D3AC8660071E663 /* Assets.xcassets */ = {isa = PBXFileReference; lastKnownFileType = folder.assetcatalog; path = Assets.xcassets; sourceTree = "<group>"; };
		07669F3B1D3AC8660071E663 /* Base */ = {isa = PBXFileReference; lastKnownFileType = file.storyboard; name = Base; path = Base.lproj/LaunchScreen.storyboard; sourceTree = "<group>"; };
		07669F3D1D3AC8660071E663 /* Info.plist */ = {isa = PBXFileReference; lastKnownFileType = text.plist.xml; path = Info.plist; sourceTree = "<group>"; };
		07669F431D3AC8760071E663 /* DeckOfCards.swift */ = {isa = PBXFileReference; fileEncoding = 4; lastKnownFileType = sourcecode.swift; path = DeckOfCards.swift; sourceTree = "<group>"; };
/* End PBXFileReference section */

/* Begin PBXFrameworksBuildPhase section */
		07669F2B1D3AC8660071E663 /* Frameworks */ = {
			isa = PBXFrameworksBuildPhase;
			buildActionMask = 2147483647;
			files = (
			);
			runOnlyForDeploymentPostprocessing = 0;
		};
/* End PBXFrameworksBuildPhase section */

/* Begin PBXGroup section */
		07669F251D3AC8660071E663 = {
			isa = PBXGroup;
			children = (
				07669F301D3AC8660071E663 /* HigherOrLower */,
				07669F2F1D3AC8660071E663 /* Products */,
			);
			sourceTree = "<group>";
		};
		07669F2F1D3AC8660071E663 /* Products */ = {
			isa = PBXGroup;
			children = (
				07669F2E1D3AC8660071E663 /* HigherOrLower.app */,
			);
			name = Products;
			sourceTree = "<group>";
		};
		07669F301D3AC8660071E663 /* HigherOrLower */ = {
			isa = PBXGroup;
			children = (
				07669F311D3AC8660071E663 /* AppDelegate.swift */,
				07669F331D3AC8660071E663 /* ViewController.swift */,
				07669F351D3AC8660071E663 /* Main.storyboard */,
				07669F381D3AC8660071E663 /* Assets.xcassets */,
				07669F3A1D3AC8660071E663 /* LaunchScreen.storyboard */,
				07669F3D1D3AC8660071E663 /* Info.plist */,
				07669F431D3AC8760071E663 /* DeckOfCards.swift */,
				07644D7F1D6086E200A567FD /* ColourModel.swift */,
				0754C8931D65E53900F3212C /* CardImages.swift */,
			);
			path = HigherOrLower;
			sourceTree = "<group>";
		};
/* End PBXGroup section */

/* Begin PBXNativeTarget section */
		07669F2D1D3AC8660071E663 /* HigherOrLower */ = {
			isa = PBXNativeTarget;
			buildConfigurationList = 07669F401D3AC8660071E663 /* Build configuration list for PBXNativeTarget "HigherOrLower" */;
			buildPhases = (
				07669F2A1D3AC8660071E663 /* Sources */,
				07669F2B1D3AC8660071E663 /* Frameworks */,
				07669F2C1D3AC8660071E663 /* Resources */,
			);
			buildRules = (
			);
			dependencies = (
			);
			name = HigherOrLower;
			productName = HigherOrLower;
			productReference = 07669F2E1D3AC8660071E663 /* HigherOrLower.app */;
			productType = "com.apple.product-type.application";
		};
/* End PBXNativeTarget section */

/* Begin PBXProject section */
		07669F261D3AC8660071E663 /* Project object */ = {
			isa = PBXProject;
			attributes = {
				LastSwiftUpdateCheck = 0730;
				LastUpgradeCheck = 0730;
				ORGANIZATIONNAME = "Luke Thomas Bowen";
				TargetAttributes = {
					07669F2D1D3AC8660071E663 = {
						CreatedOnToolsVersion = 7.3.1;
					};
				};
			};
			buildConfigurationList = 07669F291D3AC8660071E663 /* Build configuration list for PBXProject "HigherOrLower" */;
			compatibilityVersion = "Xcode 3.2";
			developmentRegion = English;
			hasScannedForEncodings = 0;
			knownRegions = (
				en,
				Base,
			);
			mainGroup = 07669F251D3AC8660071E663;
			productRefGroup = 07669F2F1D3AC8660071E663 /* Products */;
			projectDirPath = "";
			projectRoot = "";
			targets = (
				07669F2D1D3AC8660071E663 /* HigherOrLower */,
			);
		};
/* End PBXProject section */

/* Begin PBXResourcesBuildPhase section */
		07669F2C1D3AC8660071E663 /* Resources */ = {
			isa = PBXResourcesBuildPhase;
			buildActionMask = 2147483647;
			files = (
				07669F3C1D3AC8660071E663 /* LaunchScreen.storyboard in Resources */,
				07669F391D3AC8660071E663 /* Assets.xcassets in Resources */,
				07669F371D3AC8660071E663 /* Main.storyboard in Resources */,
			);
			runOnlyForDeploymentPostprocessing = 0;
		};
/* End PBXResourcesBuildPhase section */

/* Begin PBXSourcesBuildPhase section */
		07669F2A1D3AC8660071E663 /* Sources */ = {
			isa = PBXSourcesBuildPhase;
			buildActionMask = 2147483647;
			files = (
				07669F341D3AC8660071E663 /* ViewController.swift in Sources */,
				07644D801D6086E200A567FD /* ColourModel.swift in Sources */,
				07669F441D3AC8760071E663 /* DeckOfCards.swift in Sources */,
				07669F321D3AC8660071E663 /* AppDelegate.swift in Sources */,
				0754C8941D65E53900F3212C /* CardImages.swift in Sources */,
			);
			runOnlyForDeploymentPostprocessing = 0;
		};
/* End PBXSourcesBuildPhase section */

/* Begin PBXVariantGroup section */
		07669F351D3AC8660071E663 /* Main.storyboard */ = {
			isa = PBXVariantGroup;
			children = (
				07669F361D3AC8660071E663 /* Base */,
			);
			name = Main.storyboard;
			sourceTree = "<group>";
		};
		07669F3A1D3AC8660071E663 /* LaunchScreen.storyboard */ = {
			isa = PBXVariantGroup;
			children = (
				07669F3B1D3AC8660071E663 /* Base */,
			);
			name = LaunchScreen.storyboard;
			sourceTree = "<group>";
		};
/* End PBXVariantGroup section */

/* Begin XCBuildConfiguration section */
		07669F3E1D3AC8660071E663 /* Debug */ = {
			isa = XCBuildConfiguration;
			buildSettings = {
				ALWAYS_SEARCH_USER_PATHS = NO;
				CLANG_ANALYZER_NONNULL = YES;
				CLANG_CXX_LANGUAGE_STANDARD = "gnu++0x";
				CLANG_CXX_LIBRARY = "libc++";
				CLANG_ENABLE_MODULES = YES;
				CLANG_ENABLE_OBJC_ARC = YES;
				CLANG_WARN_BOOL_CONVERSION = YES;
				CLANG_WARN_CONSTANT_CONVERSION = YES;
				CLANG_WARN_DIRECT_OBJC_ISA_USAGE = YES_ERROR;
				CLANG_WARN_EMPTY_BODY = YES;
				CLANG_WARN_ENUM_CONVERSION = YES;
				CLANG_WARN_INT_CONVERSION = YES;
				CLANG_WARN_OBJC_ROOT_CLASS = YES_ERROR;
				CLANG_WARN_UNREACHABLE_CODE = YES;
				CLANG_WARN__DUPLICATE_METHOD_MATCH = YES;
				"CODE_SIGN_IDENTITY[sdk=iphoneos*]" = "iPhone Developer";
				COPY_PHASE_STRIP = NO;
				DEBUG_INFORMATION_FORMAT = dwarf;
				ENABLE_STRICT_OBJC_MSGSEND = YES;
				ENABLE_TESTABILITY = YES;
				GCC_C_LANGUAGE_STANDARD = gnu99;
				GCC_DYNAMIC_NO_PIC = NO;
				GCC_NO_COMMON_BLOCKS = YES;
				GCC_OPTIMIZATION_LEVEL = 0;
				GCC_PREPROCESSOR_DEFINITIONS = (
					"DEBUG=1",
					"$(inherited)",
				);
				GCC_WARN_64_TO_32_BIT_CONVERSION = YES;
				GCC_WARN_ABOUT_RETURN_TYPE = YES_ERROR;
				GCC_WARN_UNDECLARED_SELECTOR = YES;
				GCC_WARN_UNINITIALIZED_AUTOS = YES_AGGRESSIVE;
				GCC_WARN_UNUSED_FUNCTION = YES;
				GCC_WARN_UNUSED_VARIABLE = YES;
				IPHONEOS_DEPLOYMENT_TARGET = 9.3;
				MTL_ENABLE_DEBUG_INFO = YES;
				ONLY_ACTIVE_ARCH = YES;
				SDKROOT = iphoneos;
				SWIFT_OPTIMIZATION_LEVEL = "-Onone";
			};
			name = Debug;
		};
		07669F3F1D3AC8660071E663 /* Release */ = {
			isa = XCBuildConfiguration;
			buildSettings = {
				ALWAYS_SEARCH_USER_PATHS = NO;
				CLANG_ANALYZER_NONNULL = YES;
				CLANG_CXX_LANGUAGE_STANDARD = "gnu++0x";
				CLANG_CXX_LIBRARY = "libc++";
				CLANG_ENABLE_MODULES = YES;
				CLANG_ENABLE_OBJC_ARC = YES;
				CLANG_WARN_BOOL_CONVERSION = YES;
				CLANG_WARN_CONSTANT_CONVERSION = YES;
				CLANG_WARN_DIRECT_OBJC_ISA_USAGE = YES_ERROR;
				CLANG_WARN_EMPTY_BODY = YES;
				CLANG_WARN_ENUM_CONVERSION = YES;
				CLANG_WARN_INT_CONVERSION = YES;
				CLANG_WARN_OBJC_ROOT_CLASS = YES_ERROR;
				CLANG_WARN_UNREACHABLE_CODE = YES;
				CLANG_WARN__DUPLICATE_METHOD_MATCH = YES;
				"CODE_SIGN_IDENTITY[sdk=iphoneos*]" = "iPhone Developer";
				COPY_PHASE_STRIP = NO;
				DEBUG_INFORMATION_FORMAT = "dwarf-with-dsym";
				ENABLE_NS_ASSERTIONS = NO;
				ENABLE_STRICT_OBJC_MSGSEND = YES;
				GCC_C_LANGUAGE_STANDARD = gnu99;
				GCC_NO_COMMON_BLOCKS = YES;
				GCC_WARN_64_TO_32_BIT_CONVERSION = YES;
				GCC_WARN_ABOUT_RETURN_TYPE = YES_ERROR;
				GCC_WARN_UNDECLARED_SELECTOR = YES;
				GCC_WARN_UNINITIALIZED_AUTOS = YES_AGGRESSIVE;
				GCC_WARN_UNUSED_FUNCTION = YES;
				GCC_WARN_UNUSED_VARIABLE = YES;
				IPHONEOS_DEPLOYMENT_TARGET = 9.3;
				MTL_ENABLE_DEBUG_INFO = NO;
				SDKROOT = iphoneos;
				VALIDATE_PRODUCT = YES;
			};
			name = Release;
		};
		07669F411D3AC8660071E663 /* Debug */ = {
			isa = XCBuildConfiguration;
			buildSettings = {
				ASSETCATALOG_COMPILER_APPICON_NAME = AppIcon;
				INFOPLIST_FILE = HigherOrLower/Info.plist;
				LD_RUNPATH_SEARCH_PATHS = "$(inherited) @executable_path/Frameworks";
				PRODUCT_BUNDLE_IDENTIFIER = com.lukethomasbowen.HigherOrLower;
				PRODUCT_NAME = "$(TARGET_NAME)";
			};
			name = Debug;
		};
		07669F421D3AC8660071E663 /* Release */ = {
			isa = XCBuildConfiguration;
			buildSettings = {
				ASSETCATALOG_COMPILER_APPICON_NAME = AppIcon;
				INFOPLIST_FILE = HigherOrLower/Info.plist;
				LD_RUNPATH_SEARCH_PATHS = "$(inherited) @executable_path/Frameworks";
				PRODUCT_BUNDLE_IDENTIFIER = com.lukethomasbowen.HigherOrLower;
				PRODUCT_NAME = "$(TARGET_NAME)";
			};
			name = Release;
		};
/* End XCBuildConfiguration section */

/* Begin XCConfigurationList section */
		07669F291D3AC8660071E663 /* Build configuration list for PBXProject "HigherOrLower" */ = {
			isa = XCConfigurationList;
			buildConfigurations = (
				07669F3E1D3AC8660071E663 /* Debug */,
				07669F3F1D3AC8660071E663 /* Release */,
			);
			defaultConfigurationIsVisible = 0;
			defaultConfigurationName = Release;
		};
		07669F401D3AC8660071E663 /* Build configuration list for PBXNativeTarget "HigherOrLower" */ = {
			isa = XCConfigurationList;
			buildConfigurations = (
				07669F411D3AC8660071E663 /* Debug */,
				07669F421D3AC8660071E663 /* Release */,
			);
			defaultConfigurationIsVisible = 0;
			defaultConfigurationName = Release;
		};
/* End XCConfigurationList section */
	};
	rootObject = 07669F261D3AC8660071E663 /* Project object */;
}
